
Microsoft Visual Studio Solution File, Format Version 12.00
# Visual Studio 14
VisualStudioVersion = 14.0.25420.1
MinimumVisualStudioVersion = 10.0.40219.1
Project("{FAE04EC0-301F-11D3-BF4B-00C04F79EFBC}") = "NatureSimulationGen2", "NatureSimulationGen2\NatureSimulationGen2.csproj", "{0F0E904A-7C0F-4AA5-B011-E84D6604476B}"
EndProject
Global
	GlobalSection(SolutionConfigurationPlatforms) = preSolution
		Debug|Any CPU = Debug|Any CPU
		Release|Any CPU = Release|Any CPU
	EndGlobalSection
	GlobalSection(ProjectConfigurationPlatforms) = postSolution
		{0F0E904A-7C0F-4AA5-B011-E84D6604476B}.Debug|Any CPU.ActiveCfg = Debug|Any CPU
		{0F0E904A-7C0F-4AA5-B011-E84D6604476B}.Debug|Any CPU.Build.0 = Debug|Any CPU
		{0F0E904A-7C0F-4AA5-B011-E84D6604476B}.Release|Any CPU.ActiveCfg = Release|Any CPU
		{0F0E904A-7C0F-4AA5-B011-E84D6604476B}.Release|Any CPU.Build.0 = Release|Any CPU
	EndGlobalSection
	GlobalSection(SolutionProperties) = preSolution
		HideSolutionNode = FALSE
	EndGlobalSection
EndGlobal
